// !$*UTF8*$!
{
	archiveVersion = 1;
	classes = {
	};
	objectVersion = 46;
	objects = {

/* Begin PBXBuildFile section */
		75B08F801F1F8C3B003F1273 /* AppDelegate.swift in Sources */ = {isa = PBXBuildFile; fileRef = 75B08F7F1F1F8C3B003F1273 /* AppDelegate.swift */; };
		75B08F821F1F8C3B003F1273 /* ViewController.swift in Sources */ = {isa = PBXBuildFile; fileRef = 75B08F811F1F8C3B003F1273 /* ViewController.swift */; };
		75B08F851F1F8C3B003F1273 /* Main.storyboard in Resources */ = {isa = PBXBuildFile; fileRef = 75B08F831F1F8C3B003F1273 /* Main.storyboard */; };
		75B08F881F1F8C3B003F1273 /* DreamLister.xcdatamodeld in Sources */ = {isa = PBXBuildFile; fileRef = 75B08F861F1F8C3B003F1273 /* DreamLister.xcdatamodeld */; };
		75B08F8A1F1F8C3B003F1273 /* Assets.xcassets in Resources */ = {isa = PBXBuildFile; fileRef = 75B08F891F1F8C3B003F1273 /* Assets.xcassets */; };
		75B08F8D1F1F8C3B003F1273 /* LaunchScreen.storyboard in Resources */ = {isa = PBXBuildFile; fileRef = 75B08F8B1F1F8C3B003F1273 /* LaunchScreen.storyboard */; };
		75B08FEF1F1F9EF2003F1273 /* ItemType+CoreDataClass.swift in Sources */ = {isa = PBXBuildFile; fileRef = 75B08FE71F1F9EF2003F1273 /* ItemType+CoreDataClass.swift */; };
		75B08FF01F1F9EF2003F1273 /* ItemType+CoreDataProperties.swift in Sources */ = {isa = PBXBuildFile; fileRef = 75B08FE81F1F9EF2003F1273 /* ItemType+CoreDataProperties.swift */; };
		75B08FF11F1F9EF2003F1273 /* Image+CoreDataClass.swift in Sources */ = {isa = PBXBuildFile; fileRef = 75B08FE91F1F9EF2003F1273 /* Image+CoreDataClass.swift */; };
		75B08FF21F1F9EF2003F1273 /* Image+CoreDataProperties.swift in Sources */ = {isa = PBXBuildFile; fileRef = 75B08FEA1F1F9EF2003F1273 /* Image+CoreDataProperties.swift */; };
		75B08FF31F1F9EF2003F1273 /* Store+CoreDataClass.swift in Sources */ = {isa = PBXBuildFile; fileRef = 75B08FEB1F1F9EF2003F1273 /* Store+CoreDataClass.swift */; };
		75B08FF41F1F9EF2003F1273 /* Store+CoreDataProperties.swift in Sources */ = {isa = PBXBuildFile; fileRef = 75B08FEC1F1F9EF2003F1273 /* Store+CoreDataProperties.swift */; };
		75B08FF51F1F9EF2003F1273 /* Item+CoreDataClass.swift in Sources */ = {isa = PBXBuildFile; fileRef = 75B08FED1F1F9EF2003F1273 /* Item+CoreDataClass.swift */; };
		75B08FF61F1F9EF2003F1273 /* Item+CoreDataProperties.swift in Sources */ = {isa = PBXBuildFile; fileRef = 75B08FEE1F1F9EF2003F1273 /* Item+CoreDataProperties.swift */; };
/* End PBXBuildFile section */

/* Begin PBXFileReference section */
		75B08F7C1F1F8C3B003F1273 /* DreamLister.app */ = {isa = PBXFileReference; explicitFileType = wrapper.application; includeInIndex = 0; path = DreamLister.app; sourceTree = BUILT_PRODUCTS_DIR; };
		75B08F7F1F1F8C3B003F1273 /* AppDelegate.swift */ = {isa = PBXFileReference; lastKnownFileType = sourcecode.swift; path = AppDelegate.swift; sourceTree = "<group>"; };
		75B08F811F1F8C3B003F1273 /* ViewController.swift */ = {isa = PBXFileReference; lastKnownFileType = sourcecode.swift; path = ViewController.swift; sourceTree = "<group>"; };
		75B08F841F1F8C3B003F1273 /* Base */ = {isa = PBXFileReference; lastKnownFileType = file.storyboard; name = Base; path = Base.lproj/Main.storyboard; sourceTree = "<group>"; };
		75B08F871F1F8C3B003F1273 /* DreamLister.xcdatamodel */ = {isa = PBXFileReference; lastKnownFileType = wrapper.xcdatamodel; path = DreamLister.xcdatamodel; sourceTree = "<group>"; };
		75B08F891F1F8C3B003F1273 /* Assets.xcassets */ = {isa = PBXFileReference; lastKnownFileType = folder.assetcatalog; path = Assets.xcassets; sourceTree = "<group>"; };
		75B08F8C1F1F8C3B003F1273 /* Base */ = {isa = PBXFileReference; lastKnownFileType = file.storyboard; name = Base; path = Base.lproj/LaunchScreen.storyboard; sourceTree = "<group>"; };
		75B08F8E1F1F8C3B003F1273 /* Info.plist */ = {isa = PBXFileReference; lastKnownFileType = text.plist.xml; path = Info.plist; sourceTree = "<group>"; };
		75B08FE71F1F9EF2003F1273 /* ItemType+CoreDataClass.swift */ = {isa = PBXFileReference; fileEncoding = 4; lastKnownFileType = sourcecode.swift; path = "ItemType+CoreDataClass.swift"; sourceTree = "<group>"; };
		75B08FE81F1F9EF2003F1273 /* ItemType+CoreDataProperties.swift */ = {isa = PBXFileReference; fileEncoding = 4; lastKnownFileType = sourcecode.swift; path = "ItemType+CoreDataProperties.swift"; sourceTree = "<group>"; };
		75B08FE91F1F9EF2003F1273 /* Image+CoreDataClass.swift */ = {isa = PBXFileReference; fileEncoding = 4; lastKnownFileType = sourcecode.swift; path = "Image+CoreDataClass.swift"; sourceTree = "<group>"; };
		75B08FEA1F1F9EF2003F1273 /* Image+CoreDataProperties.swift */ = {isa = PBXFileReference; fileEncoding = 4; lastKnownFileType = sourcecode.swift; path = "Image+CoreDataProperties.swift"; sourceTree = "<group>"; };
		75B08FEB1F1F9EF2003F1273 /* Store+CoreDataClass.swift */ = {isa = PBXFileReference; fileEncoding = 4; lastKnownFileType = sourcecode.swift; path = "Store+CoreDataClass.swift"; sourceTree = "<group>"; };
		75B08FEC1F1F9EF2003F1273 /* Store+CoreDataProperties.swift */ = {isa = PBXFileReference; fileEncoding = 4; lastKnownFileType = sourcecode.swift; path = "Store+CoreDataProperties.swift"; sourceTree = "<group>"; };
		75B08FED1F1F9EF2003F1273 /* Item+CoreDataClass.swift */ = {isa = PBXFileReference; fileEncoding = 4; lastKnownFileType = sourcecode.swift; path = "Item+CoreDataClass.swift"; sourceTree = "<group>"; };
		75B08FEE1F1F9EF2003F1273 /* Item+CoreDataProperties.swift */ = {isa = PBXFileReference; fileEncoding = 4; lastKnownFileType = sourcecode.swift; path = "Item+CoreDataProperties.swift"; sourceTree = "<group>"; };
/* End PBXFileReference section */

/* Begin PBXFrameworksBuildPhase section */
		75B08F791F1F8C3B003F1273 /* Frameworks */ = {
			isa = PBXFrameworksBuildPhase;
			buildActionMask = 2147483647;
			files = (
			);
			runOnlyForDeploymentPostprocessing = 0;
		};
/* End PBXFrameworksBuildPhase section */

/* Begin PBXGroup section */
		75B08F731F1F8C3B003F1273 = {
			isa = PBXGroup;
			children = (
				75B08F7E1F1F8C3B003F1273 /* DreamLister */,
				75B08F7D1F1F8C3B003F1273 /* Products */,
			);
			sourceTree = "<group>";
		};
		75B08F7D1F1F8C3B003F1273 /* Products */ = {
			isa = PBXGroup;
			children = (
				75B08F7C1F1F8C3B003F1273 /* DreamLister.app */,
			);
			name = Products;
			sourceTree = "<group>";
		};
		75B08F7E1F1F8C3B003F1273 /* DreamLister */ = {
			isa = PBXGroup;
			children = (
				75B08FA41F1F9726003F1273 /* Model */,
				75B08F7F1F1F8C3B003F1273 /* AppDelegate.swift */,
				75B08F811F1F8C3B003F1273 /* ViewController.swift */,
				75B08F831F1F8C3B003F1273 /* Main.storyboard */,
				75B08F891F1F8C3B003F1273 /* Assets.xcassets */,
				75B08F8B1F1F8C3B003F1273 /* LaunchScreen.storyboard */,
				75B08F8E1F1F8C3B003F1273 /* Info.plist */,
				75B08F861F1F8C3B003F1273 /* DreamLister.xcdatamodeld */,
			);
			path = DreamLister;
			sourceTree = "<group>";
		};
		75B08FA41F1F9726003F1273 /* Model */ = {
			isa = PBXGroup;
			children = (
				75B08FE71F1F9EF2003F1273 /* ItemType+CoreDataClass.swift */,
				75B08FE91F1F9EF2003F1273 /* Image+CoreDataClass.swift */,
				75B08FEB1F1F9EF2003F1273 /* Store+CoreDataClass.swift */,
				75B08FED1F1F9EF2003F1273 /* Item+CoreDataClass.swift */,
				75B08FA51F1F972F003F1273 /* Generated */,
			);
			name = Model;
			sourceTree = "<group>";
		};
		75B08FA51F1F972F003F1273 /* Generated */ = {
			isa = PBXGroup;
			children = (
				75B08FE81F1F9EF2003F1273 /* ItemType+CoreDataProperties.swift */,
				75B08FEA1F1F9EF2003F1273 /* Image+CoreDataProperties.swift */,
				75B08FEC1F1F9EF2003F1273 /* Store+CoreDataProperties.swift */,
				75B08FEE1F1F9EF2003F1273 /* Item+CoreDataProperties.swift */,
			);
			name = Generated;
			sourceTree = "<group>";
		};
/* End PBXGroup section */

/* Begin PBXNativeTarget section */
		75B08F7B1F1F8C3B003F1273 /* DreamLister */ = {
			isa = PBXNativeTarget;
			buildConfigurationList = 75B08F911F1F8C3B003F1273 /* Build configuration list for PBXNativeTarget "DreamLister" */;
			buildPhases = (
				75B08F781F1F8C3B003F1273 /* Sources */,
				75B08F791F1F8C3B003F1273 /* Frameworks */,
				75B08F7A1F1F8C3B003F1273 /* Resources */,
			);
			buildRules = (
			);
			dependencies = (
			);
			name = DreamLister;
			productName = DreamLister;
			productReference = 75B08F7C1F1F8C3B003F1273 /* DreamLister.app */;
			productType = "com.apple.product-type.application";
		};
/* End PBXNativeTarget section */

/* Begin PBXProject section */
		75B08F741F1F8C3B003F1273 /* Project object */ = {
			isa = PBXProject;
			attributes = {
				LastSwiftUpdateCheck = 0830;
				LastUpgradeCheck = 0830;
				ORGANIZATIONNAME = "Settar Hummetli";
				TargetAttributes = {
					75B08F7B1F1F8C3B003F1273 = {
						CreatedOnToolsVersion = 8.3.3;
						DevelopmentTeam = AJ4LU8WZ2B;
						ProvisioningStyle = Automatic;
					};
				};
			};
			buildConfigurationList = 75B08F771F1F8C3B003F1273 /* Build configuration list for PBXProject "DreamLister" */;
			compatibilityVersion = "Xcode 3.2";
			developmentRegion = English;
			hasScannedForEncodings = 0;
			knownRegions = (
				en,
				Base,
			);
			mainGroup = 75B08F731F1F8C3B003F1273;
			productRefGroup = 75B08F7D1F1F8C3B003F1273 /* Products */;
			projectDirPath = "";
			projectRoot = "";
			targets = (
				75B08F7B1F1F8C3B003F1273 /* DreamLister */,
			);
		};
/* End PBXProject section */

/* Begin PBXResourcesBuildPhase section */
		75B08F7A1F1F8C3B003F1273 /* Resources */ = {
			isa = PBXResourcesBuildPhase;
			buildActionMask = 2147483647;
			files = (
				75B08F8D1F1F8C3B003F1273 /* LaunchScreen.storyboard in Resources */,
				75B08F8A1F1F8C3B003F1273 /* Assets.xcassets in Resources */,
				75B08F851F1F8C3B003F1273 /* Main.storyboard in Resources */,
			);
			runOnlyForDeploymentPostprocessing = 0;
		};
/* End PBXResourcesBuildPhase section */

/* Begin PBXSourcesBuildPhase section */
		75B08F781F1F8C3B003F1273 /* Sources */ = {
			isa = PBXSourcesBuildPhase;
			buildActionMask = 2147483647;
			files = (
				75B08FF51F1F9EF2003F1273 /* Item+CoreDataClass.swift in Sources */,
				75B08FEF1F1F9EF2003F1273 /* ItemType+CoreDataClass.swift in Sources */,
				75B08FF01F1F9EF2003F1273 /* ItemType+CoreDataProperties.swift in Sources */,
				75B08F821F1F8C3B003F1273 /* ViewController.swift in Sources */,
				75B08FF11F1F9EF2003F1273 /* Image+CoreDataClass.swift in Sources */,
				75B08FF41F1F9EF2003F1273 /* Store+CoreDataProperties.swift in Sources */,
				75B08F801F1F8C3B003F1273 /* AppDelegate.swift in Sources */,
				75B08FF31F1F9EF2003F1273 /* Store+CoreDataClass.swift in Sources */,
				75B08F881F1F8C3B003F1273 /* DreamLister.xcdatamodeld in Sources */,
				75B08FF61F1F9EF2003F1273 /* Item+CoreDataProperties.swift in Sources */,
				75B08FF21F1F9EF2003F1273 /* Image+CoreDataProperties.swift in Sources */,
			);
			runOnlyForDeploymentPostprocessing = 0;
		};
/* End PBXSourcesBuildPhase section */

/* Begin PBXVariantGroup section */
		75B08F831F1F8C3B003F1273 /* Main.storyboard */ = {
			isa = PBXVariantGroup;
			children = (
				75B08F841F1F8C3B003F1273 /* Base */,
			);
			name = Main.storyboard;
			sourceTree = "<group>";
		};
		75B08F8B1F1F8C3B003F1273 /* LaunchScreen.storyboard */ = {
			isa = PBXVariantGroup;
			children = (
				75B08F8C1F1F8C3B003F1273 /* Base */,
			);
			name = LaunchScreen.storyboard;
			sourceTree = "<group>";
		};
/* End PBXVariantGroup section */

/* Begin XCBuildConfiguration section */
		75B08F8F1F1F8C3B003F1273 /* Debug */ = {
			isa = XCBuildConfiguration;
			buildSettings = {
				ALWAYS_SEARCH_USER_PATHS = NO;
				CLANG_ANALYZER_NONNULL = YES;
				CLANG_ANALYZER_NUMBER_OBJECT_CONVERSION = YES_AGGRESSIVE;
				CLANG_CXX_LANGUAGE_STANDARD = "gnu++0x";
				CLANG_CXX_LIBRARY = "libc++";
				CLANG_ENABLE_MODULES = YES;
				CLANG_ENABLE_OBJC_ARC = YES;
				CLANG_WARN_BOOL_CONVERSION = YES;
				CLANG_WARN_CONSTANT_CONVERSION = YES;
				CLANG_WARN_DIRECT_OBJC_ISA_USAGE = YES_ERROR;
				CLANG_WARN_DOCUMENTATION_COMMENTS = YES;
				CLANG_WARN_EMPTY_BODY = YES;
				CLANG_WARN_ENUM_CONVERSION = YES;
				CLANG_WARN_INFINITE_RECURSION = YES;
				CLANG_WARN_INT_CONVERSION = YES;
				CLANG_WARN_OBJC_ROOT_CLASS = YES_ERROR;
				CLANG_WARN_SUSPICIOUS_MOVE = YES;
				CLANG_WARN_UNREACHABLE_CODE = YES;
				CLANG_WARN__DUPLICATE_METHOD_MATCH = YES;
				"CODE_SIGN_IDENTITY[sdk=iphoneos*]" = "iPhone Developer";
				COPY_PHASE_STRIP = NO;
				DEBUG_INFORMATION_FORMAT = dwarf;
				ENABLE_STRICT_OBJC_MSGSEND = YES;
				ENABLE_TESTABILITY = YES;
				GCC_C_LANGUAGE_STANDARD = gnu99;
				GCC_DYNAMIC_NO_PIC = NO;
				GCC_NO_COMMON_BLOCKS = YES;
				GCC_OPTIMIZATION_LEVEL = 0;
				GCC_PREPROCESSOR_DEFINITIONS = (
					"DEBUG=1",
					"$(inherited)",
				);
				GCC_WARN_64_TO_32_BIT_CONVERSION = YES;
				GCC_WARN_ABOUT_RETURN_TYPE = YES_ERROR;
				GCC_WARN_UNDECLARED_SELECTOR = YES;
				GCC_WARN_UNINITIALIZED_AUTOS = YES_AGGRESSIVE;
				GCC_WARN_UNUSED_FUNCTION = YES;
				GCC_WARN_UNUSED_VARIABLE = YES;
				IPHONEOS_DEPLOYMENT_TARGET = 10.3;
				MTL_ENABLE_DEBUG_INFO = YES;
				ONLY_ACTIVE_ARCH = YES;
				SDKROOT = iphoneos;
				SWIFT_ACTIVE_COMPILATION_CONDITIONS = DEBUG;
				SWIFT_OPTIMIZATION_LEVEL = "-Onone";
				TARGETED_DEVICE_FAMILY = "1,2";
			};
			name = Debug;
		};
		75B08F901F1F8C3B003F1273 /* Release */ = {
			isa = XCBuildConfiguration;
			buildSettings = {
				ALWAYS_SEARCH_USER_PATHS = NO;
				CLANG_ANALYZER_NONNULL = YES;
				CLANG_ANALYZER_NUMBER_OBJECT_CONVERSION = YES_AGGRESSIVE;
				CLANG_CXX_LANGUAGE_STANDARD = "gnu++0x";
				CLANG_CXX_LIBRARY = "libc++";
				CLANG_ENABLE_MODULES = YES;
				CLANG_ENABLE_OBJC_ARC = YES;
				CLANG_WARN_BOOL_CONVERSION = YES;
				CLANG_WARN_CONSTANT_CONVERSION = YES;
				CLANG_WARN_DIRECT_OBJC_ISA_USAGE = YES_ERROR;
				CLANG_WARN_DOCUMENTATION_COMMENTS = YES;
				CLANG_WARN_EMPTY_BODY = YES;
				CLANG_WARN_ENUM_CONVERSION = YES;
				CLANG_WARN_INFINITE_RECURSION = YES;
				CLANG_WARN_INT_CONVERSION = YES;
				CLANG_WARN_OBJC_ROOT_CLASS = YES_ERROR;
				CLANG_WARN_SUSPICIOUS_MOVE = YES;
				CLANG_WARN_UNREACHABLE_CODE = YES;
				CLANG_WARN__DUPLICATE_METHOD_MATCH = YES;
				"CODE_SIGN_IDENTITY[sdk=iphoneos*]" = "iPhone Developer";
				COPY_PHASE_STRIP = NO;
				DEBUG_INFORMATION_FORMAT = "dwarf-with-dsym";
				ENABLE_NS_ASSERTIONS = NO;
				ENABLE_STRICT_OBJC_MSGSEND = YES;
				GCC_C_LANGUAGE_STANDARD = gnu99;
				GCC_NO_COMMON_BLOCKS = YES;
				GCC_WARN_64_TO_32_BIT_CONVERSION = YES;
				GCC_WARN_ABOUT_RETURN_TYPE = YES_ERROR;
				GCC_WARN_UNDECLARED_SELECTOR = YES;
				GCC_WARN_UNINITIALIZED_AUTOS = YES_AGGRESSIVE;
				GCC_WARN_UNUSED_FUNCTION = YES;
				GCC_WARN_UNUSED_VARIABLE = YES;
				IPHONEOS_DEPLOYMENT_TARGET = 10.3;
				MTL_ENABLE_DEBUG_INFO = NO;
				SDKROOT = iphoneos;
				SWIFT_OPTIMIZATION_LEVEL = "-Owholemodule";
				TARGETED_DEVICE_FAMILY = "1,2";
				VALIDATE_PRODUCT = YES;
			};
			name = Release;
		};
		75B08F921F1F8C3B003F1273 /* Debug */ = {
			isa = XCBuildConfiguration;
			buildSettings = {
				ASSETCATALOG_COMPILER_APPICON_NAME = AppIcon;
				DEVELOPMENT_TEAM = AJ4LU8WZ2B;
				INFOPLIST_FILE = DreamLister/Info.plist;
				LD_RUNPATH_SEARCH_PATHS = "$(inherited) @executable_path/Frameworks";
				PRODUCT_BUNDLE_IDENTIFIER = com.hummatli.DreamLister;
				PRODUCT_NAME = "$(TARGET_NAME)";
				SWIFT_VERSION = 3.0;
			};
			name = Debug;
		};
		75B08F931F1F8C3B003F1273 /* Release */ = {
			isa = XCBuildConfiguration;
			buildSettings = {
				ASSETCATALOG_COMPILER_APPICON_NAME = AppIcon;
				DEVELOPMENT_TEAM = AJ4LU8WZ2B;
				INFOPLIST_FILE = DreamLister/Info.plist;
				LD_RUNPATH_SEARCH_PATHS = "$(inherited) @executable_path/Frameworks";
				PRODUCT_BUNDLE_IDENTIFIER = com.hummatli.DreamLister;
				PRODUCT_NAME = "$(TARGET_NAME)";
				SWIFT_VERSION = 3.0;
			};
			name = Release;
		};
/* End XCBuildConfiguration section */

/* Begin XCConfigurationList section */
		75B08F771F1F8C3B003F1273 /* Build configuration list for PBXProject "DreamLister" */ = {
			isa = XCConfigurationList;
			buildConfigurations = (
				75B08F8F1F1F8C3B003F1273 /* Debug */,
				75B08F901F1F8C3B003F1273 /* Release */,
			);
			defaultConfigurationIsVisible = 0;
			defaultConfigurationName = Release;
		};
		75B08F911F1F8C3B003F1273 /* Build configuration list for PBXNativeTarget "DreamLister" */ = {
			isa = XCConfigurationList;
			buildConfigurations = (
				75B08F921F1F8C3B003F1273 /* Debug */,
				75B08F931F1F8C3B003F1273 /* Release */,
			);
			defaultConfigurationIsVisible = 0;
			defaultConfigurationName = Release;
		};
/* End XCConfigurationList section */

/* Begin XCVersionGroup section */
		75B08F861F1F8C3B003F1273 /* DreamLister.xcdatamodeld */ = {
			isa = XCVersionGroup;
			children = (
				75B08F871F1F8C3B003F1273 /* DreamLister.xcdatamodel */,
			);
			currentVersion = 75B08F871F1F8C3B003F1273 /* DreamLister.xcdatamodel */;
			path = DreamLister.xcdatamodeld;
			sourceTree = "<group>";
			versionGroupType = wrapper.xcdatamodel;
		};
/* End XCVersionGroup section */
	};
	rootObject = 75B08F741F1F8C3B003F1273 /* Project object */;
}
